
Microsoft Visual Studio Solution File, Format Version 12.00
# Visual Studio Version 16
VisualStudioVersion = 16.0.30611.23
MinimumVisualStudioVersion = 10.0.40219.1
Project("{FAE04EC0-301F-11D3-BF4B-00C04F79EFBC}") = "Jcon Contact Tracing", "Jcon Contact Tracing\Jcon Contact Tracing.csproj", "{2C46D39C-3A5B-4B78-A641-FF088B022B49}"
EndProject
Project("{9A19103F-16F7-4668-BE54-9A1E7A4F7556}") = "LTXJconLibrary", "LTXJconLibrary\LTXJconLibrary.csproj", "{322D6CF6-B4D8-4738-BD5B-D0C45E88B838}"
EndProject
Global
	GlobalSection(SolutionConfigurationPlatforms) = preSolution
		Debug|Any CPU = Debug|Any CPU
		Release|Any CPU = Release|Any CPU
	EndGlobalSection
	GlobalSection(ProjectConfigurationPlatforms) = postSolution
		{2C46D39C-3A5B-4B78-A641-FF088B022B49}.Debug|Any CPU.ActiveCfg = Debug|Any CPU
		{2C46D39C-3A5B-4B78-A641-FF088B022B49}.Debug|Any CPU.Build.0 = Debug|Any CPU
		{2C46D39C-3A5B-4B78-A641-FF088B022B49}.Release|Any CPU.ActiveCfg = Release|Any CPU
		{2C46D39C-3A5B-4B78-A641-FF088B022B49}.Release|Any CPU.Build.0 = Release|Any CPU
		{322D6CF6-B4D8-4738-BD5B-D0C45E88B838}.Debug|Any CPU.ActiveCfg = Debug|Any CPU
		{322D6CF6-B4D8-4738-BD5B-D0C45E88B838}.Debug|Any CPU.Build.0 = Debug|Any CPU
		{322D6CF6-B4D8-4738-BD5B-D0C45E88B838}.Release|Any CPU.ActiveCfg = Release|Any CPU
		{322D6CF6-B4D8-4738-BD5B-D0C45E88B838}.Release|Any CPU.Build.0 = Release|Any CPU
	EndGlobalSection
	GlobalSection(SolutionProperties) = preSolution
		HideSolutionNode = FALSE
	EndGlobalSection
	GlobalSection(ExtensibilityGlobals) = postSolution
		SolutionGuid = {F5970853-1051-4EE8-AB04-8D088B14347E}
	EndGlobalSection
EndGlobal
