
Microsoft Visual Studio Solution File, Format Version 12.00
# Visual Studio Version 16
VisualStudioVersion = 16.0.30523.141
MinimumVisualStudioVersion = 10.0.40219.1
Project("{9A19103F-16F7-4668-BE54-9A1E7A4F7556}") = "LTXJconLibrary", "LTXJconLibrary.csproj", "{86A3FFBE-F14C-46AF-8F2E-139E145F5337}"
EndProject
Global
	GlobalSection(SolutionConfigurationPlatforms) = preSolution
		Debug|Any CPU = Debug|Any CPU
		Release|Any CPU = Release|Any CPU
	EndGlobalSection
	GlobalSection(ProjectConfigurationPlatforms) = postSolution
		{86A3FFBE-F14C-46AF-8F2E-139E145F5337}.Debug|Any CPU.ActiveCfg = Debug|Any CPU
		{86A3FFBE-F14C-46AF-8F2E-139E145F5337}.Debug|Any CPU.Build.0 = Debug|Any CPU
		{86A3FFBE-F14C-46AF-8F2E-139E145F5337}.Release|Any CPU.ActiveCfg = Release|Any CPU
		{86A3FFBE-F14C-46AF-8F2E-139E145F5337}.Release|Any CPU.Build.0 = Release|Any CPU
	EndGlobalSection
	GlobalSection(SolutionProperties) = preSolution
		HideSolutionNode = FALSE
	EndGlobalSection
	GlobalSection(ExtensibilityGlobals) = postSolution
		SolutionGuid = {E6E8B1A5-197B-43B3-9C10-A1F73BC97236}
	EndGlobalSection
EndGlobal
